
Microsoft Visual Studio Solution File, Format Version 9.00
# Visual Studio 2005
# SharpDevelop 2.1.0.2475
Project("{FAE04EC0-301F-11D3-BF4B-00C04F79EFBC}") = "Sasl", "Sasl.csproj", "{B54C7428-43B8-4C2B-8B08-C264737E1D4E}"
EndProject
Global
	GlobalSection(SolutionConfigurationPlatforms) = preSolution
		Debug|Any CPU = Debug|Any CPU
		Release|Any CPU = Release|Any CPU
	EndGlobalSection
	GlobalSection(ProjectConfigurationPlatforms) = postSolution
		{B54C7428-43B8-4C2B-8B08-C264737E1D4E}.Debug|Any CPU.Build.0 = Debug|Any CPU
		{B54C7428-43B8-4C2B-8B08-C264737E1D4E}.Debug|Any CPU.ActiveCfg = Debug|Any CPU
		{B54C7428-43B8-4C2B-8B08-C264737E1D4E}.Release|Any CPU.Build.0 = Release|Any CPU
		{B54C7428-43B8-4C2B-8B08-C264737E1D4E}.Release|Any CPU.ActiveCfg = Release|Any CPU
	EndGlobalSection
EndGlobal
